// !$*UTF8*$!
{
	archiveVersion = 1;
	classes = {
	};
	objectVersion = 46;
	objects = {

/* Begin PBXBuildFile section */
		6C51168414C7CC4D00BB552D /* UIKit.framework in Frameworks */ = {isa = PBXBuildFile; fileRef = 6C51168314C7CC4D00BB552D /* UIKit.framework */; };
		6C51168614C7CC4D00BB552D /* Foundation.framework in Frameworks */ = {isa = PBXBuildFile; fileRef = 6C51168514C7CC4D00BB552D /* Foundation.framework */; };
		6C51168814C7CC4D00BB552D /* CoreGraphics.framework in Frameworks */ = {isa = PBXBuildFile; fileRef = 6C51168714C7CC4D00BB552D /* CoreGraphics.framework */; };
		6C51168E14C7CC4D00BB552D /* InfoPlist.strings in Resources */ = {isa = PBXBuildFile; fileRef = 6C51168C14C7CC4D00BB552D /* InfoPlist.strings */; };
		6C51169014C7CC4D00BB552D /* main.m in Sources */ = {isa = PBXBuildFile; fileRef = 6C51168F14C7CC4D00BB552D /* main.m */; };
		6C51169414C7CC4D00BB552D /* AppDelegate.m in Sources */ = {isa = PBXBuildFile; fileRef = 6C51169314C7CC4D00BB552D /* AppDelegate.m */; };
		6C51169714C7CC4D00BB552D /* MainStoryboard.storyboard in Resources */ = {isa = PBXBuildFile; fileRef = 6C51169514C7CC4D00BB552D /* MainStoryboard.storyboard */; };
		6C842A3014C7E166003C7DDA /* HospitalsController.m in Sources */ = {isa = PBXBuildFile; fileRef = 6C842A2F14C7E166003C7DDA /* HospitalsController.m */; };
		6C842A3514C7F00A003C7DDA /* Hospital.m in Sources */ = {isa = PBXBuildFile; fileRef = 6C842A3414C7F00A003C7DDA /* Hospital.m */; };
		6C842A6A14C802CD003C7DDA /* Position.m in Sources */ = {isa = PBXBuildFile; fileRef = 6C842A6914C802CD003C7DDA /* Position.m */; };
		6C8A5D9E14C9417300B54442 /* HospitalInfo.m in Sources */ = {isa = PBXBuildFile; fileRef = 6C8A5D9D14C9417300B54442 /* HospitalInfo.m */; };
		6C9C397E14D3A5F000A593F5 /* CoreLocation.framework in Frameworks */ = {isa = PBXBuildFile; fileRef = 6C9C397D14D3A5F000A593F5 /* CoreLocation.framework */; };
		6C9C398114D3C44400A593F5 /* MapViewController.m in Sources */ = {isa = PBXBuildFile; fileRef = 6C9C398014D3C44400A593F5 /* MapViewController.m */; };
		6CD673F614D7D3BF003AC4CB /* RequestFactory.m in Sources */ = {isa = PBXBuildFile; fileRef = 6CD673F514D7D3BE003AC4CB /* RequestFactory.m */; };
		6CD8E6B314D63028000FF83C /* NSObject+SBJson.m in Sources */ = {isa = PBXBuildFile; fileRef = 6CD8E69B14D63028000FF83C /* NSObject+SBJson.m */; };
		6CD8E6B414D63028000FF83C /* SBJsonParser.m in Sources */ = {isa = PBXBuildFile; fileRef = 6CD8E69E14D63028000FF83C /* SBJsonParser.m */; };
		6CD8E6B514D63028000FF83C /* SBJsonStreamParser.m in Sources */ = {isa = PBXBuildFile; fileRef = 6CD8E6A014D63028000FF83C /* SBJsonStreamParser.m */; };
		6CD8E6B614D63028000FF83C /* SBJsonStreamParserAccumulator.m in Sources */ = {isa = PBXBuildFile; fileRef = 6CD8E6A214D63028000FF83C /* SBJsonStreamParserAccumulator.m */; };
		6CD8E6B714D63028000FF83C /* SBJsonStreamParserAdapter.m in Sources */ = {isa = PBXBuildFile; fileRef = 6CD8E6A414D63028000FF83C /* SBJsonStreamParserAdapter.m */; };
		6CD8E6B814D63028000FF83C /* SBJsonStreamParserState.m in Sources */ = {isa = PBXBuildFile; fileRef = 6CD8E6A614D63028000FF83C /* SBJsonStreamParserState.m */; };
		6CD8E6B914D63028000FF83C /* SBJsonStreamWriter.m in Sources */ = {isa = PBXBuildFile; fileRef = 6CD8E6A814D63028000FF83C /* SBJsonStreamWriter.m */; };
		6CD8E6BA14D63028000FF83C /* SBJsonStreamWriterAccumulator.m in Sources */ = {isa = PBXBuildFile; fileRef = 6CD8E6AA14D63028000FF83C /* SBJsonStreamWriterAccumulator.m */; };
		6CD8E6BB14D63028000FF83C /* SBJsonStreamWriterState.m in Sources */ = {isa = PBXBuildFile; fileRef = 6CD8E6AC14D63028000FF83C /* SBJsonStreamWriterState.m */; };
		6CD8E6BC14D63028000FF83C /* SBJsonTokeniser.m in Sources */ = {isa = PBXBuildFile; fileRef = 6CD8E6AE14D63028000FF83C /* SBJsonTokeniser.m */; };
		6CD8E6BD14D63028000FF83C /* SBJsonUTF8Stream.m in Sources */ = {isa = PBXBuildFile; fileRef = 6CD8E6B014D63028000FF83C /* SBJsonUTF8Stream.m */; };
		6CD8E6BE14D63028000FF83C /* SBJsonWriter.m in Sources */ = {isa = PBXBuildFile; fileRef = 6CD8E6B214D63028000FF83C /* SBJsonWriter.m */; };
/* End PBXBuildFile section */

/* Begin PBXFileReference section */
		6C51167F14C7CC4D00BB552D /* FindHospital.app */ = {isa = PBXFileReference; explicitFileType = wrapper.application; includeInIndex = 0; path = FindHospital.app; sourceTree = BUILT_PRODUCTS_DIR; };
		6C51168314C7CC4D00BB552D /* UIKit.framework */ = {isa = PBXFileReference; lastKnownFileType = wrapper.framework; name = UIKit.framework; path = System/Library/Frameworks/UIKit.framework; sourceTree = SDKROOT; };
		6C51168514C7CC4D00BB552D /* Foundation.framework */ = {isa = PBXFileReference; lastKnownFileType = wrapper.framework; name = Foundation.framework; path = System/Library/Frameworks/Foundation.framework; sourceTree = SDKROOT; };
		6C51168714C7CC4D00BB552D /* CoreGraphics.framework */ = {isa = PBXFileReference; lastKnownFileType = wrapper.framework; name = CoreGraphics.framework; path = System/Library/Frameworks/CoreGraphics.framework; sourceTree = SDKROOT; };
		6C51168B14C7CC4D00BB552D /* FindHospital-Info.plist */ = {isa = PBXFileReference; lastKnownFileType = text.plist.xml; path = "FindHospital-Info.plist"; sourceTree = "<group>"; };
		6C51168D14C7CC4D00BB552D /* en */ = {isa = PBXFileReference; lastKnownFileType = text.plist.strings; name = en; path = en.lproj/InfoPlist.strings; sourceTree = "<group>"; };
		6C51168F14C7CC4D00BB552D /* main.m */ = {isa = PBXFileReference; lastKnownFileType = sourcecode.c.objc; path = main.m; sourceTree = "<group>"; };
		6C51169114C7CC4D00BB552D /* FindHospital-Prefix.pch */ = {isa = PBXFileReference; lastKnownFileType = sourcecode.c.h; path = "FindHospital-Prefix.pch"; sourceTree = "<group>"; };
		6C51169214C7CC4D00BB552D /* AppDelegate.h */ = {isa = PBXFileReference; lastKnownFileType = sourcecode.c.h; path = AppDelegate.h; sourceTree = "<group>"; };
		6C51169314C7CC4D00BB552D /* AppDelegate.m */ = {isa = PBXFileReference; lastKnownFileType = sourcecode.c.objc; path = AppDelegate.m; sourceTree = "<group>"; };
		6C51169614C7CC4D00BB552D /* en */ = {isa = PBXFileReference; lastKnownFileType = file.storyboard; name = en; path = en.lproj/MainStoryboard.storyboard; sourceTree = "<group>"; };
		6C842A2E14C7E166003C7DDA /* HospitalsController.h */ = {isa = PBXFileReference; fileEncoding = 4; lastKnownFileType = sourcecode.c.h; path = HospitalsController.h; sourceTree = "<group>"; };
		6C842A2F14C7E166003C7DDA /* HospitalsController.m */ = {isa = PBXFileReference; fileEncoding = 4; lastKnownFileType = sourcecode.c.objc; path = HospitalsController.m; sourceTree = "<group>"; };
		6C842A3314C7F00A003C7DDA /* Hospital.h */ = {isa = PBXFileReference; fileEncoding = 4; lastKnownFileType = sourcecode.c.h; path = Hospital.h; sourceTree = "<group>"; };
		6C842A3414C7F00A003C7DDA /* Hospital.m */ = {isa = PBXFileReference; fileEncoding = 4; lastKnownFileType = sourcecode.c.objc; path = Hospital.m; sourceTree = "<group>"; };
		6C842A6814C802CD003C7DDA /* Position.h */ = {isa = PBXFileReference; fileEncoding = 4; lastKnownFileType = sourcecode.c.h; path = Position.h; sourceTree = "<group>"; };
		6C842A6914C802CD003C7DDA /* Position.m */ = {isa = PBXFileReference; fileEncoding = 4; lastKnownFileType = sourcecode.c.objc; path = Position.m; sourceTree = "<group>"; };
		6C8A5D9C14C9417300B54442 /* HospitalInfo.h */ = {isa = PBXFileReference; fileEncoding = 4; lastKnownFileType = sourcecode.c.h; path = HospitalInfo.h; sourceTree = "<group>"; };
		6C8A5D9D14C9417300B54442 /* HospitalInfo.m */ = {isa = PBXFileReference; fileEncoding = 4; lastKnownFileType = sourcecode.c.objc; path = HospitalInfo.m; sourceTree = "<group>"; };
		6C9C397D14D3A5F000A593F5 /* CoreLocation.framework */ = {isa = PBXFileReference; lastKnownFileType = wrapper.framework; name = CoreLocation.framework; path = System/Library/Frameworks/CoreLocation.framework; sourceTree = SDKROOT; };
		6C9C397F14D3C44300A593F5 /* MapViewController.h */ = {isa = PBXFileReference; fileEncoding = 4; lastKnownFileType = sourcecode.c.h; path = MapViewController.h; sourceTree = "<group>"; };
		6C9C398014D3C44400A593F5 /* MapViewController.m */ = {isa = PBXFileReference; fileEncoding = 4; lastKnownFileType = sourcecode.c.objc; path = MapViewController.m; sourceTree = "<group>"; };
		6CD673F214D7CFAD003AC4CB /* Constants.h */ = {isa = PBXFileReference; fileEncoding = 4; lastKnownFileType = sourcecode.c.h; path = Constants.h; sourceTree = "<group>"; };
		6CD673F414D7D3BE003AC4CB /* RequestFactory.h */ = {isa = PBXFileReference; fileEncoding = 4; lastKnownFileType = sourcecode.c.h; path = RequestFactory.h; sourceTree = "<group>"; };
		6CD673F514D7D3BE003AC4CB /* RequestFactory.m */ = {isa = PBXFileReference; fileEncoding = 4; lastKnownFileType = sourcecode.c.objc; path = RequestFactory.m; sourceTree = "<group>"; };
		6CD8E69A14D63028000FF83C /* NSObject+SBJson.h */ = {isa = PBXFileReference; fileEncoding = 4; lastKnownFileType = sourcecode.c.h; path = "NSObject+SBJson.h"; sourceTree = "<group>"; };
		6CD8E69B14D63028000FF83C /* NSObject+SBJson.m */ = {isa = PBXFileReference; fileEncoding = 4; lastKnownFileType = sourcecode.c.objc; path = "NSObject+SBJson.m"; sourceTree = "<group>"; };
		6CD8E69C14D63028000FF83C /* SBJson.h */ = {isa = PBXFileReference; fileEncoding = 4; lastKnownFileType = sourcecode.c.h; path = SBJson.h; sourceTree = "<group>"; };
		6CD8E69D14D63028000FF83C /* SBJsonParser.h */ = {isa = PBXFileReference; fileEncoding = 4; lastKnownFileType = sourcecode.c.h; path = SBJsonParser.h; sourceTree = "<group>"; };
		6CD8E69E14D63028000FF83C /* SBJsonParser.m */ = {isa = PBXFileReference; fileEncoding = 4; lastKnownFileType = sourcecode.c.objc; path = SBJsonParser.m; sourceTree = "<group>"; };
		6CD8E69F14D63028000FF83C /* SBJsonStreamParser.h */ = {isa = PBXFileReference; fileEncoding = 4; lastKnownFileType = sourcecode.c.h; path = SBJsonStreamParser.h; sourceTree = "<group>"; };
		6CD8E6A014D63028000FF83C /* SBJsonStreamParser.m */ = {isa = PBXFileReference; fileEncoding = 4; lastKnownFileType = sourcecode.c.objc; path = SBJsonStreamParser.m; sourceTree = "<group>"; };
		6CD8E6A114D63028000FF83C /* SBJsonStreamParserAccumulator.h */ = {isa = PBXFileReference; fileEncoding = 4; lastKnownFileType = sourcecode.c.h; path = SBJsonStreamParserAccumulator.h; sourceTree = "<group>"; };
		6CD8E6A214D63028000FF83C /* SBJsonStreamParserAccumulator.m */ = {isa = PBXFileReference; fileEncoding = 4; lastKnownFileType = sourcecode.c.objc; path = SBJsonStreamParserAccumulator.m; sourceTree = "<group>"; };
		6CD8E6A314D63028000FF83C /* SBJsonStreamParserAdapter.h */ = {isa = PBXFileReference; fileEncoding = 4; lastKnownFileType = sourcecode.c.h; path = SBJsonStreamParserAdapter.h; sourceTree = "<group>"; };
		6CD8E6A414D63028000FF83C /* SBJsonStreamParserAdapter.m */ = {isa = PBXFileReference; fileEncoding = 4; lastKnownFileType = sourcecode.c.objc; path = SBJsonStreamParserAdapter.m; sourceTree = "<group>"; };
		6CD8E6A514D63028000FF83C /* SBJsonStreamParserState.h */ = {isa = PBXFileReference; fileEncoding = 4; lastKnownFileType = sourcecode.c.h; path = SBJsonStreamParserState.h; sourceTree = "<group>"; };
		6CD8E6A614D63028000FF83C /* SBJsonStreamParserState.m */ = {isa = PBXFileReference; fileEncoding = 4; lastKnownFileType = sourcecode.c.objc; path = SBJsonStreamParserState.m; sourceTree = "<group>"; };
		6CD8E6A714D63028000FF83C /* SBJsonStreamWriter.h */ = {isa = PBXFileReference; fileEncoding = 4; lastKnownFileType = sourcecode.c.h; path = SBJsonStreamWriter.h; sourceTree = "<group>"; };
		6CD8E6A814D63028000FF83C /* SBJsonStreamWriter.m */ = {isa = PBXFileReference; fileEncoding = 4; lastKnownFileType = sourcecode.c.objc; path = SBJsonStreamWriter.m; sourceTree = "<group>"; };
		6CD8E6A914D63028000FF83C /* SBJsonStreamWriterAccumulator.h */ = {isa = PBXFileReference; fileEncoding = 4; lastKnownFileType = sourcecode.c.h; path = SBJsonStreamWriterAccumulator.h; sourceTree = "<group>"; };
		6CD8E6AA14D63028000FF83C /* SBJsonStreamWriterAccumulator.m */ = {isa = PBXFileReference; fileEncoding = 4; lastKnownFileType = sourcecode.c.objc; path = SBJsonStreamWriterAccumulator.m; sourceTree = "<group>"; };
		6CD8E6AB14D63028000FF83C /* SBJsonStreamWriterState.h */ = {isa = PBXFileReference; fileEncoding = 4; lastKnownFileType = sourcecode.c.h; path = SBJsonStreamWriterState.h; sourceTree = "<group>"; };
		6CD8E6AC14D63028000FF83C /* SBJsonStreamWriterState.m */ = {isa = PBXFileReference; fileEncoding = 4; lastKnownFileType = sourcecode.c.objc; path = SBJsonStreamWriterState.m; sourceTree = "<group>"; };
		6CD8E6AD14D63028000FF83C /* SBJsonTokeniser.h */ = {isa = PBXFileReference; fileEncoding = 4; lastKnownFileType = sourcecode.c.h; path = SBJsonTokeniser.h; sourceTree = "<group>"; };
		6CD8E6AE14D63028000FF83C /* SBJsonTokeniser.m */ = {isa = PBXFileReference; fileEncoding = 4; lastKnownFileType = sourcecode.c.objc; path = SBJsonTokeniser.m; sourceTree = "<group>"; };
		6CD8E6AF14D63028000FF83C /* SBJsonUTF8Stream.h */ = {isa = PBXFileReference; fileEncoding = 4; lastKnownFileType = sourcecode.c.h; path = SBJsonUTF8Stream.h; sourceTree = "<group>"; };
		6CD8E6B014D63028000FF83C /* SBJsonUTF8Stream.m */ = {isa = PBXFileReference; fileEncoding = 4; lastKnownFileType = sourcecode.c.objc; path = SBJsonUTF8Stream.m; sourceTree = "<group>"; };
		6CD8E6B114D63028000FF83C /* SBJsonWriter.h */ = {isa = PBXFileReference; fileEncoding = 4; lastKnownFileType = sourcecode.c.h; path = SBJsonWriter.h; sourceTree = "<group>"; };
		6CD8E6B214D63028000FF83C /* SBJsonWriter.m */ = {isa = PBXFileReference; fileEncoding = 4; lastKnownFileType = sourcecode.c.objc; path = SBJsonWriter.m; sourceTree = "<group>"; };
/* End PBXFileReference section */

/* Begin PBXFrameworksBuildPhase section */
		6C51167C14C7CC4D00BB552D /* Frameworks */ = {
			isa = PBXFrameworksBuildPhase;
			buildActionMask = 2147483647;
			files = (
				6C9C397E14D3A5F000A593F5 /* CoreLocation.framework in Frameworks */,
				6C51168414C7CC4D00BB552D /* UIKit.framework in Frameworks */,
				6C51168614C7CC4D00BB552D /* Foundation.framework in Frameworks */,
				6C51168814C7CC4D00BB552D /* CoreGraphics.framework in Frameworks */,
			);
			runOnlyForDeploymentPostprocessing = 0;
		};
/* End PBXFrameworksBuildPhase section */

/* Begin PBXGroup section */
		6C51167414C7CC4D00BB552D = {
			isa = PBXGroup;
			children = (
				6C51168914C7CC4D00BB552D /* FindHospital */,
				6C51168214C7CC4D00BB552D /* Frameworks */,
				6C51168014C7CC4D00BB552D /* Products */,
			);
			sourceTree = "<group>";
		};
		6C51168014C7CC4D00BB552D /* Products */ = {
			isa = PBXGroup;
			children = (
				6C51167F14C7CC4D00BB552D /* FindHospital.app */,
			);
			name = Products;
			sourceTree = "<group>";
		};
		6C51168214C7CC4D00BB552D /* Frameworks */ = {
			isa = PBXGroup;
			children = (
				6C9C397D14D3A5F000A593F5 /* CoreLocation.framework */,
				6C51168314C7CC4D00BB552D /* UIKit.framework */,
				6C51168514C7CC4D00BB552D /* Foundation.framework */,
				6C51168714C7CC4D00BB552D /* CoreGraphics.framework */,
			);
			name = Frameworks;
			sourceTree = "<group>";
		};
		6C51168914C7CC4D00BB552D /* FindHospital */ = {
			isa = PBXGroup;
			children = (
				6C5116A214C7CC8B00BB552D /* Models */,
				6C5116A114C7CC8800BB552D /* Utilities */,
				6C5116A014C7CC8700BB552D /* Controllers */,
				6C842A6B14C8093A003C7DDA /* Images */,
				6C51169214C7CC4D00BB552D /* AppDelegate.h */,
				6C51169314C7CC4D00BB552D /* AppDelegate.m */,
				6C51169514C7CC4D00BB552D /* MainStoryboard.storyboard */,
				6C51168A14C7CC4D00BB552D /* Supporting Files */,
			);
			path = FindHospital;
			sourceTree = "<group>";
		};
		6C51168A14C7CC4D00BB552D /* Supporting Files */ = {
			isa = PBXGroup;
			children = (
				6CD8E69914D63028000FF83C /* Classes */,
				6C51168B14C7CC4D00BB552D /* FindHospital-Info.plist */,
				6C51168C14C7CC4D00BB552D /* InfoPlist.strings */,
				6C51168F14C7CC4D00BB552D /* main.m */,
				6C51169114C7CC4D00BB552D /* FindHospital-Prefix.pch */,
			);
			name = "Supporting Files";
			sourceTree = "<group>";
		};
		6C5116A014C7CC8700BB552D /* Controllers */ = {
			isa = PBXGroup;
			children = (
				6C842A2E14C7E166003C7DDA /* HospitalsController.h */,
				6C842A2F14C7E166003C7DDA /* HospitalsController.m */,
				6C9C397F14D3C44300A593F5 /* MapViewController.h */,
				6C9C398014D3C44400A593F5 /* MapViewController.m */,
			);
			name = Controllers;
			sourceTree = "<group>";
		};
		6C5116A114C7CC8800BB552D /* Utilities */ = {
			isa = PBXGroup;
			children = (
				6CD673F214D7CFAD003AC4CB /* Constants.h */,
				6CD673F414D7D3BE003AC4CB /* RequestFactory.h */,
				6CD673F514D7D3BE003AC4CB /* RequestFactory.m */,
				6C8A5D9C14C9417300B54442 /* HospitalInfo.h */,
				6C8A5D9D14C9417300B54442 /* HospitalInfo.m */,
			);
			name = Utilities;
			sourceTree = "<group>";
		};
		6C5116A214C7CC8B00BB552D /* Models */ = {
			isa = PBXGroup;
			children = (
				6C842A6814C802CD003C7DDA /* Position.h */,
				6C842A6914C802CD003C7DDA /* Position.m */,
				6C842A3314C7F00A003C7DDA /* Hospital.h */,
				6C842A3414C7F00A003C7DDA /* Hospital.m */,
			);
			name = Models;
			sourceTree = "<group>";
		};
		6C842A6B14C8093A003C7DDA /* Images */ = {
			isa = PBXGroup;
			children = (
			);
			name = Images;
			sourceTree = "<group>";
		};
		6CD8E69914D63028000FF83C /* Classes */ = {
			isa = PBXGroup;
			children = (
				6CD8E69A14D63028000FF83C /* NSObject+SBJson.h */,
				6CD8E69B14D63028000FF83C /* NSObject+SBJson.m */,
				6CD8E69C14D63028000FF83C /* SBJson.h */,
				6CD8E69D14D63028000FF83C /* SBJsonParser.h */,
				6CD8E69E14D63028000FF83C /* SBJsonParser.m */,
				6CD8E69F14D63028000FF83C /* SBJsonStreamParser.h */,
				6CD8E6A014D63028000FF83C /* SBJsonStreamParser.m */,
				6CD8E6A114D63028000FF83C /* SBJsonStreamParserAccumulator.h */,
				6CD8E6A214D63028000FF83C /* SBJsonStreamParserAccumulator.m */,
				6CD8E6A314D63028000FF83C /* SBJsonStreamParserAdapter.h */,
				6CD8E6A414D63028000FF83C /* SBJsonStreamParserAdapter.m */,
				6CD8E6A514D63028000FF83C /* SBJsonStreamParserState.h */,
				6CD8E6A614D63028000FF83C /* SBJsonStreamParserState.m */,
				6CD8E6A714D63028000FF83C /* SBJsonStreamWriter.h */,
				6CD8E6A814D63028000FF83C /* SBJsonStreamWriter.m */,
				6CD8E6A914D63028000FF83C /* SBJsonStreamWriterAccumulator.h */,
				6CD8E6AA14D63028000FF83C /* SBJsonStreamWriterAccumulator.m */,
				6CD8E6AB14D63028000FF83C /* SBJsonStreamWriterState.h */,
				6CD8E6AC14D63028000FF83C /* SBJsonStreamWriterState.m */,
				6CD8E6AD14D63028000FF83C /* SBJsonTokeniser.h */,
				6CD8E6AE14D63028000FF83C /* SBJsonTokeniser.m */,
				6CD8E6AF14D63028000FF83C /* SBJsonUTF8Stream.h */,
				6CD8E6B014D63028000FF83C /* SBJsonUTF8Stream.m */,
				6CD8E6B114D63028000FF83C /* SBJsonWriter.h */,
				6CD8E6B214D63028000FF83C /* SBJsonWriter.m */,
			);
			path = Classes;
			sourceTree = "<group>";
		};
/* End PBXGroup section */

/* Begin PBXNativeTarget section */
		6C51167E14C7CC4D00BB552D /* FindHospital */ = {
			isa = PBXNativeTarget;
			buildConfigurationList = 6C51169D14C7CC4D00BB552D /* Build configuration list for PBXNativeTarget "FindHospital" */;
			buildPhases = (
				6C51167B14C7CC4D00BB552D /* Sources */,
				6C51167C14C7CC4D00BB552D /* Frameworks */,
				6C51167D14C7CC4D00BB552D /* Resources */,
			);
			buildRules = (
			);
			dependencies = (
			);
			name = FindHospital;
			productName = FindHospital;
			productReference = 6C51167F14C7CC4D00BB552D /* FindHospital.app */;
			productType = "com.apple.product-type.application";
		};
/* End PBXNativeTarget section */

/* Begin PBXProject section */
		6C51167614C7CC4D00BB552D /* Project object */ = {
			isa = PBXProject;
			attributes = {
				LastUpgradeCheck = 0420;
			};
			buildConfigurationList = 6C51167914C7CC4D00BB552D /* Build configuration list for PBXProject "FindHospital" */;
			compatibilityVersion = "Xcode 3.2";
			developmentRegion = English;
			hasScannedForEncodings = 0;
			knownRegions = (
				en,
			);
			mainGroup = 6C51167414C7CC4D00BB552D;
			productRefGroup = 6C51168014C7CC4D00BB552D /* Products */;
			projectDirPath = "";
			projectRoot = "";
			targets = (
				6C51167E14C7CC4D00BB552D /* FindHospital */,
			);
		};
/* End PBXProject section */

/* Begin PBXResourcesBuildPhase section */
		6C51167D14C7CC4D00BB552D /* Resources */ = {
			isa = PBXResourcesBuildPhase;
			buildActionMask = 2147483647;
			files = (
				6C51168E14C7CC4D00BB552D /* InfoPlist.strings in Resources */,
				6C51169714C7CC4D00BB552D /* MainStoryboard.storyboard in Resources */,
			);
			runOnlyForDeploymentPostprocessing = 0;
		};
/* End PBXResourcesBuildPhase section */

/* Begin PBXSourcesBuildPhase section */
		6C51167B14C7CC4D00BB552D /* Sources */ = {
			isa = PBXSourcesBuildPhase;
			buildActionMask = 2147483647;
			files = (
				6C51169014C7CC4D00BB552D /* main.m in Sources */,
				6C51169414C7CC4D00BB552D /* AppDelegate.m in Sources */,
				6C842A3014C7E166003C7DDA /* HospitalsController.m in Sources */,
				6C842A3514C7F00A003C7DDA /* Hospital.m in Sources */,
				6C842A6A14C802CD003C7DDA /* Position.m in Sources */,
				6C8A5D9E14C9417300B54442 /* HospitalInfo.m in Sources */,
				6C9C398114D3C44400A593F5 /* MapViewController.m in Sources */,
				6CD8E6B314D63028000FF83C /* NSObject+SBJson.m in Sources */,
				6CD8E6B414D63028000FF83C /* SBJsonParser.m in Sources */,
				6CD8E6B514D63028000FF83C /* SBJsonStreamParser.m in Sources */,
				6CD8E6B614D63028000FF83C /* SBJsonStreamParserAccumulator.m in Sources */,
				6CD8E6B714D63028000FF83C /* SBJsonStreamParserAdapter.m in Sources */,
				6CD8E6B814D63028000FF83C /* SBJsonStreamParserState.m in Sources */,
				6CD8E6B914D63028000FF83C /* SBJsonStreamWriter.m in Sources */,
				6CD8E6BA14D63028000FF83C /* SBJsonStreamWriterAccumulator.m in Sources */,
				6CD8E6BB14D63028000FF83C /* SBJsonStreamWriterState.m in Sources */,
				6CD8E6BC14D63028000FF83C /* SBJsonTokeniser.m in Sources */,
				6CD8E6BD14D63028000FF83C /* SBJsonUTF8Stream.m in Sources */,
				6CD8E6BE14D63028000FF83C /* SBJsonWriter.m in Sources */,
				6CD673F614D7D3BF003AC4CB /* RequestFactory.m in Sources */,
			);
			runOnlyForDeploymentPostprocessing = 0;
		};
/* End PBXSourcesBuildPhase section */

/* Begin PBXVariantGroup section */
		6C51168C14C7CC4D00BB552D /* InfoPlist.strings */ = {
			isa = PBXVariantGroup;
			children = (
				6C51168D14C7CC4D00BB552D /* en */,
			);
			name = InfoPlist.strings;
			sourceTree = "<group>";
		};
		6C51169514C7CC4D00BB552D /* MainStoryboard.storyboard */ = {
			isa = PBXVariantGroup;
			children = (
				6C51169614C7CC4D00BB552D /* en */,
			);
			name = MainStoryboard.storyboard;
			sourceTree = "<group>";
		};
/* End PBXVariantGroup section */

/* Begin XCBuildConfiguration section */
		6C51169B14C7CC4D00BB552D /* Debug */ = {
			isa = XCBuildConfiguration;
			buildSettings = {
				ALWAYS_SEARCH_USER_PATHS = NO;
				ARCHS = "$(ARCHS_STANDARD_32_BIT)";
				CLANG_ENABLE_OBJC_ARC = YES;
				"CODE_SIGN_IDENTITY[sdk=iphoneos*]" = "iPhone Developer";
				COPY_PHASE_STRIP = NO;
				GCC_C_LANGUAGE_STANDARD = gnu99;
				GCC_DYNAMIC_NO_PIC = NO;
				GCC_OPTIMIZATION_LEVEL = 0;
				GCC_PREPROCESSOR_DEFINITIONS = (
					"DEBUG=1",
					"$(inherited)",
				);
				GCC_SYMBOLS_PRIVATE_EXTERN = NO;
				GCC_VERSION = com.apple.compilers.llvm.clang.1_0;
				GCC_WARN_ABOUT_MISSING_PROTOTYPES = YES;
				GCC_WARN_ABOUT_RETURN_TYPE = YES;
				GCC_WARN_UNUSED_VARIABLE = YES;
				IPHONEOS_DEPLOYMENT_TARGET = 5.0;
				SDKROOT = iphoneos;
			};
			name = Debug;
		};
		6C51169C14C7CC4D00BB552D /* Release */ = {
			isa = XCBuildConfiguration;
			buildSettings = {
				ALWAYS_SEARCH_USER_PATHS = NO;
				ARCHS = "$(ARCHS_STANDARD_32_BIT)";
				CLANG_ENABLE_OBJC_ARC = YES;
				"CODE_SIGN_IDENTITY[sdk=iphoneos*]" = "iPhone Developer";
				COPY_PHASE_STRIP = YES;
				GCC_C_LANGUAGE_STANDARD = gnu99;
				GCC_VERSION = com.apple.compilers.llvm.clang.1_0;
				GCC_WARN_ABOUT_MISSING_PROTOTYPES = YES;
				GCC_WARN_ABOUT_RETURN_TYPE = YES;
				GCC_WARN_UNUSED_VARIABLE = YES;
				IPHONEOS_DEPLOYMENT_TARGET = 5.0;
				OTHER_CFLAGS = "-DNS_BLOCK_ASSERTIONS=1";
				SDKROOT = iphoneos;
				VALIDATE_PRODUCT = YES;
			};
			name = Release;
		};
		6C51169E14C7CC4D00BB552D /* Debug */ = {
			isa = XCBuildConfiguration;
			buildSettings = {
				GCC_PRECOMPILE_PREFIX_HEADER = YES;
				GCC_PREFIX_HEADER = "FindHospital/FindHospital-Prefix.pch";
				INFOPLIST_FILE = "FindHospital/FindHospital-Info.plist";
				PRODUCT_NAME = "$(TARGET_NAME)";
				WRAPPER_EXTENSION = app;
			};
			name = Debug;
		};
		6C51169F14C7CC4D00BB552D /* Release */ = {
			isa = XCBuildConfiguration;
			buildSettings = {
				GCC_PRECOMPILE_PREFIX_HEADER = YES;
				GCC_PREFIX_HEADER = "FindHospital/FindHospital-Prefix.pch";
				INFOPLIST_FILE = "FindHospital/FindHospital-Info.plist";
				PRODUCT_NAME = "$(TARGET_NAME)";
				WRAPPER_EXTENSION = app;
			};
			name = Release;
		};
/* End XCBuildConfiguration section */

/* Begin XCConfigurationList section */
		6C51167914C7CC4D00BB552D /* Build configuration list for PBXProject "FindHospital" */ = {
			isa = XCConfigurationList;
			buildConfigurations = (
				6C51169B14C7CC4D00BB552D /* Debug */,
				6C51169C14C7CC4D00BB552D /* Release */,
			);
			defaultConfigurationIsVisible = 0;
			defaultConfigurationName = Release;
		};
		6C51169D14C7CC4D00BB552D /* Build configuration list for PBXNativeTarget "FindHospital" */ = {
			isa = XCConfigurationList;
			buildConfigurations = (
				6C51169E14C7CC4D00BB552D /* Debug */,
				6C51169F14C7CC4D00BB552D /* Release */,
			);
			defaultConfigurationIsVisible = 0;
			defaultConfigurationName = Release;
		};
/* End XCConfigurationList section */
	};
	rootObject = 6C51167614C7CC4D00BB552D /* Project object */;
}
