// !$*UTF8*$!
{
	archiveVersion = 1;
	classes = {
	};
	objectVersion = 46;
	objects = {

/* Begin PBXBuildFile section */
		6C51168414C7CC4D00BB552D /* UIKit.framework in Frameworks */ = {isa = PBXBuildFile; fileRef = 6C51168314C7CC4D00BB552D /* UIKit.framework */; };
		6C51168614C7CC4D00BB552D /* Foundation.framework in Frameworks */ = {isa = PBXBuildFile; fileRef = 6C51168514C7CC4D00BB552D /* Foundation.framework */; };
		6C51168814C7CC4D00BB552D /* CoreGraphics.framework in Frameworks */ = {isa = PBXBuildFile; fileRef = 6C51168714C7CC4D00BB552D /* CoreGraphics.framework */; };
		6C51168E14C7CC4D00BB552D /* InfoPlist.strings in Resources */ = {isa = PBXBuildFile; fileRef = 6C51168C14C7CC4D00BB552D /* InfoPlist.strings */; };
		6C51169014C7CC4D00BB552D /* main.m in Sources */ = {isa = PBXBuildFile; fileRef = 6C51168F14C7CC4D00BB552D /* main.m */; };
		6C51169414C7CC4D00BB552D /* AppDelegate.m in Sources */ = {isa = PBXBuildFile; fileRef = 6C51169314C7CC4D00BB552D /* AppDelegate.m */; };
		6C51169714C7CC4D00BB552D /* MainStoryboard.storyboard in Resources */ = {isa = PBXBuildFile; fileRef = 6C51169514C7CC4D00BB552D /* MainStoryboard.storyboard */; };
		6C842A3014C7E166003C7DDA /* HospitalsController.m in Sources */ = {isa = PBXBuildFile; fileRef = 6C842A2F14C7E166003C7DDA /* HospitalsController.m */; };
		6C842A3514C7F00A003C7DDA /* Hospital.m in Sources */ = {isa = PBXBuildFile; fileRef = 6C842A3414C7F00A003C7DDA /* Hospital.m */; };
		6C842A6A14C802CD003C7DDA /* Position.m in Sources */ = {isa = PBXBuildFile; fileRef = 6C842A6914C802CD003C7DDA /* Position.m */; };
/* End PBXBuildFile section */

/* Begin PBXFileReference section */
		6C51167F14C7CC4D00BB552D /* FindHospital.app */ = {isa = PBXFileReference; explicitFileType = wrapper.application; includeInIndex = 0; path = FindHospital.app; sourceTree = BUILT_PRODUCTS_DIR; };
		6C51168314C7CC4D00BB552D /* UIKit.framework */ = {isa = PBXFileReference; lastKnownFileType = wrapper.framework; name = UIKit.framework; path = System/Library/Frameworks/UIKit.framework; sourceTree = SDKROOT; };
		6C51168514C7CC4D00BB552D /* Foundation.framework */ = {isa = PBXFileReference; lastKnownFileType = wrapper.framework; name = Foundation.framework; path = System/Library/Frameworks/Foundation.framework; sourceTree = SDKROOT; };
		6C51168714C7CC4D00BB552D /* CoreGraphics.framework */ = {isa = PBXFileReference; lastKnownFileType = wrapper.framework; name = CoreGraphics.framework; path = System/Library/Frameworks/CoreGraphics.framework; sourceTree = SDKROOT; };
		6C51168B14C7CC4D00BB552D /* FindHospital-Info.plist */ = {isa = PBXFileReference; lastKnownFileType = text.plist.xml; path = "FindHospital-Info.plist"; sourceTree = "<group>"; };
		6C51168D14C7CC4D00BB552D /* en */ = {isa = PBXFileReference; lastKnownFileType = text.plist.strings; name = en; path = en.lproj/InfoPlist.strings; sourceTree = "<group>"; };
		6C51168F14C7CC4D00BB552D /* main.m */ = {isa = PBXFileReference; lastKnownFileType = sourcecode.c.objc; path = main.m; sourceTree = "<group>"; };
		6C51169114C7CC4D00BB552D /* FindHospital-Prefix.pch */ = {isa = PBXFileReference; lastKnownFileType = sourcecode.c.h; path = "FindHospital-Prefix.pch"; sourceTree = "<group>"; };
		6C51169214C7CC4D00BB552D /* AppDelegate.h */ = {isa = PBXFileReference; lastKnownFileType = sourcecode.c.h; path = AppDelegate.h; sourceTree = "<group>"; };
		6C51169314C7CC4D00BB552D /* AppDelegate.m */ = {isa = PBXFileReference; lastKnownFileType = sourcecode.c.objc; path = AppDelegate.m; sourceTree = "<group>"; };
		6C51169614C7CC4D00BB552D /* en */ = {isa = PBXFileReference; lastKnownFileType = file.storyboard; name = en; path = en.lproj/MainStoryboard.storyboard; sourceTree = "<group>"; };
		6C842A2E14C7E166003C7DDA /* HospitalsController.h */ = {isa = PBXFileReference; fileEncoding = 4; lastKnownFileType = sourcecode.c.h; path = HospitalsController.h; sourceTree = "<group>"; };
		6C842A2F14C7E166003C7DDA /* HospitalsController.m */ = {isa = PBXFileReference; fileEncoding = 4; lastKnownFileType = sourcecode.c.objc; path = HospitalsController.m; sourceTree = "<group>"; };
		6C842A3314C7F00A003C7DDA /* Hospital.h */ = {isa = PBXFileReference; fileEncoding = 4; lastKnownFileType = sourcecode.c.h; path = Hospital.h; sourceTree = "<group>"; };
		6C842A3414C7F00A003C7DDA /* Hospital.m */ = {isa = PBXFileReference; fileEncoding = 4; lastKnownFileType = sourcecode.c.objc; path = Hospital.m; sourceTree = "<group>"; };
		6C842A6814C802CD003C7DDA /* Position.h */ = {isa = PBXFileReference; fileEncoding = 4; lastKnownFileType = sourcecode.c.h; path = Position.h; sourceTree = "<group>"; };
		6C842A6914C802CD003C7DDA /* Position.m */ = {isa = PBXFileReference; fileEncoding = 4; lastKnownFileType = sourcecode.c.objc; path = Position.m; sourceTree = "<group>"; };
/* End PBXFileReference section */

/* Begin PBXFrameworksBuildPhase section */
		6C51167C14C7CC4D00BB552D /* Frameworks */ = {
			isa = PBXFrameworksBuildPhase;
			buildActionMask = 2147483647;
			files = (
				6C51168414C7CC4D00BB552D /* UIKit.framework in Frameworks */,
				6C51168614C7CC4D00BB552D /* Foundation.framework in Frameworks */,
				6C51168814C7CC4D00BB552D /* CoreGraphics.framework in Frameworks */,
			);
			runOnlyForDeploymentPostprocessing = 0;
		};
/* End PBXFrameworksBuildPhase section */

/* Begin PBXGroup section */
		6C51167414C7CC4D00BB552D = {
			isa = PBXGroup;
			children = (
				6C51168914C7CC4D00BB552D /* FindHospital */,
				6C51168214C7CC4D00BB552D /* Frameworks */,
				6C51168014C7CC4D00BB552D /* Products */,
			);
			sourceTree = "<group>";
		};
		6C51168014C7CC4D00BB552D /* Products */ = {
			isa = PBXGroup;
			children = (
				6C51167F14C7CC4D00BB552D /* FindHospital.app */,
			);
			name = Products;
			sourceTree = "<group>";
		};
		6C51168214C7CC4D00BB552D /* Frameworks */ = {
			isa = PBXGroup;
			children = (
				6C51168314C7CC4D00BB552D /* UIKit.framework */,
				6C51168514C7CC4D00BB552D /* Foundation.framework */,
				6C51168714C7CC4D00BB552D /* CoreGraphics.framework */,
			);
			name = Frameworks;
			sourceTree = "<group>";
		};
		6C51168914C7CC4D00BB552D /* FindHospital */ = {
			isa = PBXGroup;
			children = (
				6C5116A214C7CC8B00BB552D /* Models */,
				6C5116A114C7CC8800BB552D /* Utilities */,
				6C5116A014C7CC8700BB552D /* Controllers */,
				6C842A6B14C8093A003C7DDA /* Images */,
				6C51169214C7CC4D00BB552D /* AppDelegate.h */,
				6C51169314C7CC4D00BB552D /* AppDelegate.m */,
				6C51169514C7CC4D00BB552D /* MainStoryboard.storyboard */,
				6C51168A14C7CC4D00BB552D /* Supporting Files */,
			);
			path = FindHospital;
			sourceTree = "<group>";
		};
		6C51168A14C7CC4D00BB552D /* Supporting Files */ = {
			isa = PBXGroup;
			children = (
				6C51168B14C7CC4D00BB552D /* FindHospital-Info.plist */,
				6C51168C14C7CC4D00BB552D /* InfoPlist.strings */,
				6C51168F14C7CC4D00BB552D /* main.m */,
				6C51169114C7CC4D00BB552D /* FindHospital-Prefix.pch */,
			);
			name = "Supporting Files";
			sourceTree = "<group>";
		};
		6C5116A014C7CC8700BB552D /* Controllers */ = {
			isa = PBXGroup;
			children = (
				6C842A2E14C7E166003C7DDA /* HospitalsController.h */,
				6C842A2F14C7E166003C7DDA /* HospitalsController.m */,
			);
			name = Controllers;
			sourceTree = "<group>";
		};
		6C5116A114C7CC8800BB552D /* Utilities */ = {
			isa = PBXGroup;
			children = (
			);
			name = Utilities;
			sourceTree = "<group>";
		};
		6C5116A214C7CC8B00BB552D /* Models */ = {
			isa = PBXGroup;
			children = (
				6C842A6814C802CD003C7DDA /* Position.h */,
				6C842A6914C802CD003C7DDA /* Position.m */,
				6C842A3314C7F00A003C7DDA /* Hospital.h */,
				6C842A3414C7F00A003C7DDA /* Hospital.m */,
			);
			name = Models;
			sourceTree = "<group>";
		};
		6C842A6B14C8093A003C7DDA /* Images */ = {
			isa = PBXGroup;
			children = (
			);
			name = Images;
			sourceTree = "<group>";
		};
/* End PBXGroup section */

/* Begin PBXNativeTarget section */
		6C51167E14C7CC4D00BB552D /* FindHospital */ = {
			isa = PBXNativeTarget;
			buildConfigurationList = 6C51169D14C7CC4D00BB552D /* Build configuration list for PBXNativeTarget "FindHospital" */;
			buildPhases = (
				6C51167B14C7CC4D00BB552D /* Sources */,
				6C51167C14C7CC4D00BB552D /* Frameworks */,
				6C51167D14C7CC4D00BB552D /* Resources */,
			);
			buildRules = (
			);
			dependencies = (
			);
			name = FindHospital;
			productName = FindHospital;
			productReference = 6C51167F14C7CC4D00BB552D /* FindHospital.app */;
			productType = "com.apple.product-type.application";
		};
/* End PBXNativeTarget section */

/* Begin PBXProject section */
		6C51167614C7CC4D00BB552D /* Project object */ = {
			isa = PBXProject;
			attributes = {
				LastUpgradeCheck = 0420;
			};
			buildConfigurationList = 6C51167914C7CC4D00BB552D /* Build configuration list for PBXProject "FindHospital" */;
			compatibilityVersion = "Xcode 3.2";
			developmentRegion = English;
			hasScannedForEncodings = 0;
			knownRegions = (
				en,
			);
			mainGroup = 6C51167414C7CC4D00BB552D;
			productRefGroup = 6C51168014C7CC4D00BB552D /* Products */;
			projectDirPath = "";
			projectRoot = "";
			targets = (
				6C51167E14C7CC4D00BB552D /* FindHospital */,
			);
		};
/* End PBXProject section */

/* Begin PBXResourcesBuildPhase section */
		6C51167D14C7CC4D00BB552D /* Resources */ = {
			isa = PBXResourcesBuildPhase;
			buildActionMask = 2147483647;
			files = (
				6C51168E14C7CC4D00BB552D /* InfoPlist.strings in Resources */,
				6C51169714C7CC4D00BB552D /* MainStoryboard.storyboard in Resources */,
			);
			runOnlyForDeploymentPostprocessing = 0;
		};
/* End PBXResourcesBuildPhase section */

/* Begin PBXSourcesBuildPhase section */
		6C51167B14C7CC4D00BB552D /* Sources */ = {
			isa = PBXSourcesBuildPhase;
			buildActionMask = 2147483647;
			files = (
				6C51169014C7CC4D00BB552D /* main.m in Sources */,
				6C51169414C7CC4D00BB552D /* AppDelegate.m in Sources */,
				6C842A3014C7E166003C7DDA /* HospitalsController.m in Sources */,
				6C842A3514C7F00A003C7DDA /* Hospital.m in Sources */,
				6C842A6A14C802CD003C7DDA /* Position.m in Sources */,
			);
			runOnlyForDeploymentPostprocessing = 0;
		};
/* End PBXSourcesBuildPhase section */

/* Begin PBXVariantGroup section */
		6C51168C14C7CC4D00BB552D /* InfoPlist.strings */ = {
			isa = PBXVariantGroup;
			children = (
				6C51168D14C7CC4D00BB552D /* en */,
			);
			name = InfoPlist.strings;
			sourceTree = "<group>";
		};
		6C51169514C7CC4D00BB552D /* MainStoryboard.storyboard */ = {
			isa = PBXVariantGroup;
			children = (
				6C51169614C7CC4D00BB552D /* en */,
			);
			name = MainStoryboard.storyboard;
			sourceTree = "<group>";
		};
/* End PBXVariantGroup section */

/* Begin XCBuildConfiguration section */
		6C51169B14C7CC4D00BB552D /* Debug */ = {
			isa = XCBuildConfiguration;
			buildSettings = {
				ALWAYS_SEARCH_USER_PATHS = NO;
				ARCHS = "$(ARCHS_STANDARD_32_BIT)";
				CLANG_ENABLE_OBJC_ARC = YES;
				"CODE_SIGN_IDENTITY[sdk=iphoneos*]" = "iPhone Developer";
				COPY_PHASE_STRIP = NO;
				GCC_C_LANGUAGE_STANDARD = gnu99;
				GCC_DYNAMIC_NO_PIC = NO;
				GCC_OPTIMIZATION_LEVEL = 0;
				GCC_PREPROCESSOR_DEFINITIONS = (
					"DEBUG=1",
					"$(inherited)",
				);
				GCC_SYMBOLS_PRIVATE_EXTERN = NO;
				GCC_VERSION = com.apple.compilers.llvm.clang.1_0;
				GCC_WARN_ABOUT_MISSING_PROTOTYPES = YES;
				GCC_WARN_ABOUT_RETURN_TYPE = YES;
				GCC_WARN_UNUSED_VARIABLE = YES;
				IPHONEOS_DEPLOYMENT_TARGET = 5.0;
				SDKROOT = iphoneos;
			};
			name = Debug;
		};
		6C51169C14C7CC4D00BB552D /* Release */ = {
			isa = XCBuildConfiguration;
			buildSettings = {
				ALWAYS_SEARCH_USER_PATHS = NO;
				ARCHS = "$(ARCHS_STANDARD_32_BIT)";
				CLANG_ENABLE_OBJC_ARC = YES;
				"CODE_SIGN_IDENTITY[sdk=iphoneos*]" = "iPhone Developer";
				COPY_PHASE_STRIP = YES;
				GCC_C_LANGUAGE_STANDARD = gnu99;
				GCC_VERSION = com.apple.compilers.llvm.clang.1_0;
				GCC_WARN_ABOUT_MISSING_PROTOTYPES = YES;
				GCC_WARN_ABOUT_RETURN_TYPE = YES;
				GCC_WARN_UNUSED_VARIABLE = YES;
				IPHONEOS_DEPLOYMENT_TARGET = 5.0;
				OTHER_CFLAGS = "-DNS_BLOCK_ASSERTIONS=1";
				SDKROOT = iphoneos;
				VALIDATE_PRODUCT = YES;
			};
			name = Release;
		};
		6C51169E14C7CC4D00BB552D /* Debug */ = {
			isa = XCBuildConfiguration;
			buildSettings = {
				GCC_PRECOMPILE_PREFIX_HEADER = YES;
				GCC_PREFIX_HEADER = "FindHospital/FindHospital-Prefix.pch";
				INFOPLIST_FILE = "FindHospital/FindHospital-Info.plist";
				PRODUCT_NAME = "$(TARGET_NAME)";
				WRAPPER_EXTENSION = app;
			};
			name = Debug;
		};
		6C51169F14C7CC4D00BB552D /* Release */ = {
			isa = XCBuildConfiguration;
			buildSettings = {
				GCC_PRECOMPILE_PREFIX_HEADER = YES;
				GCC_PREFIX_HEADER = "FindHospital/FindHospital-Prefix.pch";
				INFOPLIST_FILE = "FindHospital/FindHospital-Info.plist";
				PRODUCT_NAME = "$(TARGET_NAME)";
				WRAPPER_EXTENSION = app;
			};
			name = Release;
		};
/* End XCBuildConfiguration section */

/* Begin XCConfigurationList section */
		6C51167914C7CC4D00BB552D /* Build configuration list for PBXProject "FindHospital" */ = {
			isa = XCConfigurationList;
			buildConfigurations = (
				6C51169B14C7CC4D00BB552D /* Debug */,
				6C51169C14C7CC4D00BB552D /* Release */,
			);
			defaultConfigurationIsVisible = 0;
			defaultConfigurationName = Release;
		};
		6C51169D14C7CC4D00BB552D /* Build configuration list for PBXNativeTarget "FindHospital" */ = {
			isa = XCConfigurationList;
			buildConfigurations = (
				6C51169E14C7CC4D00BB552D /* Debug */,
				6C51169F14C7CC4D00BB552D /* Release */,
			);
			defaultConfigurationIsVisible = 0;
			defaultConfigurationName = Release;
		};
/* End XCConfigurationList section */
	};
	rootObject = 6C51167614C7CC4D00BB552D /* Project object */;
}
